
Microsoft Visual Studio Solution File, Format Version 12.00
# Visual Studio 15
VisualStudioVersion = 15.0.28307.329
MinimumVisualStudioVersion = 10.0.40219.1
Project("{FAE04EC0-301F-11D3-BF4B-00C04F79EFBC}") = "DelegateConsoleApp", "DelegateConsoleApp\DelegateConsoleApp.csproj", "{4872C0DF-853C-47B0-9A03-20074A89DE46}"
EndProject
Project("{FAE04EC0-301F-11D3-BF4B-00C04F79EFBC}") = "EventConsoleApp", "EventConsoleApp\EventConsoleApp.csproj", "{CDE869BE-81A0-462A-B2E8-9BD840025315}"
EndProject
Global
	GlobalSection(SolutionConfigurationPlatforms) = preSolution
		Debug|Any CPU = Debug|Any CPU
		Release|Any CPU = Release|Any CPU
	EndGlobalSection
	GlobalSection(ProjectConfigurationPlatforms) = postSolution
		{4872C0DF-853C-47B0-9A03-20074A89DE46}.Debug|Any CPU.ActiveCfg = Debug|Any CPU
		{4872C0DF-853C-47B0-9A03-20074A89DE46}.Debug|Any CPU.Build.0 = Debug|Any CPU
		{4872C0DF-853C-47B0-9A03-20074A89DE46}.Release|Any CPU.ActiveCfg = Release|Any CPU
		{4872C0DF-853C-47B0-9A03-20074A89DE46}.Release|Any CPU.Build.0 = Release|Any CPU
		{CDE869BE-81A0-462A-B2E8-9BD840025315}.Debug|Any CPU.ActiveCfg = Debug|Any CPU
		{CDE869BE-81A0-462A-B2E8-9BD840025315}.Debug|Any CPU.Build.0 = Debug|Any CPU
		{CDE869BE-81A0-462A-B2E8-9BD840025315}.Release|Any CPU.ActiveCfg = Release|Any CPU
		{CDE869BE-81A0-462A-B2E8-9BD840025315}.Release|Any CPU.Build.0 = Release|Any CPU
	EndGlobalSection
	GlobalSection(SolutionProperties) = preSolution
		HideSolutionNode = FALSE
	EndGlobalSection
	GlobalSection(ExtensibilityGlobals) = postSolution
		SolutionGuid = {AF44A880-F3F3-4E72-B2CA-148701B27647}
	EndGlobalSection
EndGlobal
